// !$*UTF8*$!
{
	archiveVersion = 1;
	classes = {
	};
	objectVersion = 46;
	objects = {

/* Begin PBXBuildFile section */
		1535EC021F0BE333000A082A /* AppDelegate.swift in Sources */ = {isa = PBXBuildFile; fileRef = 1535EC011F0BE333000A082A /* AppDelegate.swift */; };
		1535EC041F0BE333000A082A /* ViewController.swift in Sources */ = {isa = PBXBuildFile; fileRef = 1535EC031F0BE333000A082A /* ViewController.swift */; };
		1535EC071F0BE333000A082A /* Main.storyboard in Resources */ = {isa = PBXBuildFile; fileRef = 1535EC051F0BE333000A082A /* Main.storyboard */; };
		1535EC091F0BE333000A082A /* Assets.xcassets in Resources */ = {isa = PBXBuildFile; fileRef = 1535EC081F0BE333000A082A /* Assets.xcassets */; };
		1535EC0C1F0BE333000A082A /* LaunchScreen.storyboard in Resources */ = {isa = PBXBuildFile; fileRef = 1535EC0A1F0BE333000A082A /* LaunchScreen.storyboard */; };
		1535EC171F0BE904000A082A /* CircleButton.swift in Sources */ = {isa = PBXBuildFile; fileRef = 1535EC161F0BE904000A082A /* CircleButton.swift */; };
		1535EC191F0BF6C1000A082A /* test.m4a in Resources */ = {isa = PBXBuildFile; fileRef = 1535EC181F0BF6C1000A082A /* test.m4a */; };
/* End PBXBuildFile section */

/* Begin PBXFileReference section */
		1535EBFE1F0BE333000A082A /* Dictant.app */ = {isa = PBXFileReference; explicitFileType = wrapper.application; includeInIndex = 0; path = Dictant.app; sourceTree = BUILT_PRODUCTS_DIR; };
		1535EC011F0BE333000A082A /* AppDelegate.swift */ = {isa = PBXFileReference; lastKnownFileType = sourcecode.swift; path = AppDelegate.swift; sourceTree = "<group>"; };
		1535EC031F0BE333000A082A /* ViewController.swift */ = {isa = PBXFileReference; lastKnownFileType = sourcecode.swift; path = ViewController.swift; sourceTree = "<group>"; };
		1535EC061F0BE333000A082A /* Base */ = {isa = PBXFileReference; lastKnownFileType = file.storyboard; name = Base; path = Base.lproj/Main.storyboard; sourceTree = "<group>"; };
		1535EC081F0BE333000A082A /* Assets.xcassets */ = {isa = PBXFileReference; lastKnownFileType = folder.assetcatalog; path = Assets.xcassets; sourceTree = "<group>"; };
		1535EC0B1F0BE333000A082A /* Base */ = {isa = PBXFileReference; lastKnownFileType = file.storyboard; name = Base; path = Base.lproj/LaunchScreen.storyboard; sourceTree = "<group>"; };
		1535EC0D1F0BE333000A082A /* Info.plist */ = {isa = PBXFileReference; lastKnownFileType = text.plist.xml; path = Info.plist; sourceTree = "<group>"; };
		1535EC161F0BE904000A082A /* CircleButton.swift */ = {isa = PBXFileReference; fileEncoding = 4; lastKnownFileType = sourcecode.swift; path = CircleButton.swift; sourceTree = "<group>"; };
		1535EC181F0BF6C1000A082A /* test.m4a */ = {isa = PBXFileReference; lastKnownFileType = file; path = test.m4a; sourceTree = "<group>"; };
/* End PBXFileReference section */

/* Begin PBXFrameworksBuildPhase section */
		1535EBFB1F0BE333000A082A /* Frameworks */ = {
			isa = PBXFrameworksBuildPhase;
			buildActionMask = 2147483647;
			files = (
			);
			runOnlyForDeploymentPostprocessing = 0;
		};
/* End PBXFrameworksBuildPhase section */

/* Begin PBXGroup section */
		1535EBF51F0BE333000A082A = {
			isa = PBXGroup;
			children = (
				1535EC001F0BE333000A082A /* Dictant */,
				1535EBFF1F0BE333000A082A /* Products */,
			);
			sourceTree = "<group>";
		};
		1535EBFF1F0BE333000A082A /* Products */ = {
			isa = PBXGroup;
			children = (
				1535EBFE1F0BE333000A082A /* Dictant.app */,
			);
			name = Products;
			sourceTree = "<group>";
		};
		1535EC001F0BE333000A082A /* Dictant */ = {
			isa = PBXGroup;
			children = (
				1535EC1A1F0BF6D7000A082A /* Resources */,
				1535EC151F0BE88B000A082A /* View */,
				1535EC141F0BE871000A082A /* Controller */,
				1535EC131F0BE861000A082A /* Model */,
				1535EC011F0BE333000A082A /* AppDelegate.swift */,
				1535EC051F0BE333000A082A /* Main.storyboard */,
				1535EC081F0BE333000A082A /* Assets.xcassets */,
				1535EC0A1F0BE333000A082A /* LaunchScreen.storyboard */,
				1535EC0D1F0BE333000A082A /* Info.plist */,
			);
			path = Dictant;
			sourceTree = "<group>";
		};
		1535EC131F0BE861000A082A /* Model */ = {
			isa = PBXGroup;
			children = (
			);
			name = Model;
			sourceTree = "<group>";
		};
		1535EC141F0BE871000A082A /* Controller */ = {
			isa = PBXGroup;
			children = (
				1535EC031F0BE333000A082A /* ViewController.swift */,
			);
			name = Controller;
			sourceTree = "<group>";
		};
		1535EC151F0BE88B000A082A /* View */ = {
			isa = PBXGroup;
			children = (
				1535EC161F0BE904000A082A /* CircleButton.swift */,
			);
			name = View;
			sourceTree = "<group>";
		};
		1535EC1A1F0BF6D7000A082A /* Resources */ = {
			isa = PBXGroup;
			children = (
				1535EC181F0BF6C1000A082A /* test.m4a */,
			);
			name = Resources;
			sourceTree = "<group>";
		};
/* End PBXGroup section */

/* Begin PBXNativeTarget section */
		1535EBFD1F0BE333000A082A /* Dictant */ = {
			isa = PBXNativeTarget;
			buildConfigurationList = 1535EC101F0BE333000A082A /* Build configuration list for PBXNativeTarget "Dictant" */;
			buildPhases = (
				1535EBFA1F0BE333000A082A /* Sources */,
				1535EBFB1F0BE333000A082A /* Frameworks */,
				1535EBFC1F0BE333000A082A /* Resources */,
			);
			buildRules = (
			);
			dependencies = (
			);
			name = Dictant;
			productName = Dictant;
			productReference = 1535EBFE1F0BE333000A082A /* Dictant.app */;
			productType = "com.apple.product-type.application";
		};
/* End PBXNativeTarget section */

/* Begin PBXProject section */
		1535EBF61F0BE333000A082A /* Project object */ = {
			isa = PBXProject;
			attributes = {
				LastSwiftUpdateCheck = 0830;
				LastUpgradeCheck = 0830;
				ORGANIZATIONNAME = "John Peppe";
				TargetAttributes = {
					1535EBFD1F0BE333000A082A = {
						CreatedOnToolsVersion = 8.3.3;
						DevelopmentTeam = 94NP446562;
						ProvisioningStyle = Automatic;
					};
				};
			};
			buildConfigurationList = 1535EBF91F0BE333000A082A /* Build configuration list for PBXProject "Dictant" */;
			compatibilityVersion = "Xcode 3.2";
			developmentRegion = English;
			hasScannedForEncodings = 0;
			knownRegions = (
				en,
				Base,
			);
			mainGroup = 1535EBF51F0BE333000A082A;
			productRefGroup = 1535EBFF1F0BE333000A082A /* Products */;
			projectDirPath = "";
			projectRoot = "";
			targets = (
				1535EBFD1F0BE333000A082A /* Dictant */,
			);
		};
/* End PBXProject section */

/* Begin PBXResourcesBuildPhase section */
		1535EBFC1F0BE333000A082A /* Resources */ = {
			isa = PBXResourcesBuildPhase;
			buildActionMask = 2147483647;
			files = (
				1535EC191F0BF6C1000A082A /* test.m4a in Resources */,
				1535EC0C1F0BE333000A082A /* LaunchScreen.storyboard in Resources */,
				1535EC091F0BE333000A082A /* Assets.xcassets in Resources */,
				1535EC071F0BE333000A082A /* Main.storyboard in Resources */,
			);
			runOnlyForDeploymentPostprocessing = 0;
		};
/* End PBXResourcesBuildPhase section */

/* Begin PBXSourcesBuildPhase section */
		1535EBFA1F0BE333000A082A /* Sources */ = {
			isa = PBXSourcesBuildPhase;
			buildActionMask = 2147483647;
			files = (
				1535EC171F0BE904000A082A /* CircleButton.swift in Sources */,
				1535EC041F0BE333000A082A /* ViewController.swift in Sources */,
				1535EC021F0BE333000A082A /* AppDelegate.swift in Sources */,
			);
			runOnlyForDeploymentPostprocessing = 0;
		};
/* End PBXSourcesBuildPhase section */

/* Begin PBXVariantGroup section */
		1535EC051F0BE333000A082A /* Main.storyboard */ = {
			isa = PBXVariantGroup;
			children = (
				1535EC061F0BE333000A082A /* Base */,
			);
			name = Main.storyboard;
			sourceTree = "<group>";
		};
		1535EC0A1F0BE333000A082A /* LaunchScreen.storyboard */ = {
			isa = PBXVariantGroup;
			children = (
				1535EC0B1F0BE333000A082A /* Base */,
			);
			name = LaunchScreen.storyboard;
			sourceTree = "<group>";
		};
/* End PBXVariantGroup section */

/* Begin XCBuildConfiguration section */
		1535EC0E1F0BE333000A082A /* Debug */ = {
			isa = XCBuildConfiguration;
			buildSettings = {
				ALWAYS_SEARCH_USER_PATHS = NO;
				CLANG_ANALYZER_NONNULL = YES;
				CLANG_ANALYZER_NUMBER_OBJECT_CONVERSION = YES_AGGRESSIVE;
				CLANG_CXX_LANGUAGE_STANDARD = "gnu++0x";
				CLANG_CXX_LIBRARY = "libc++";
				CLANG_ENABLE_MODULES = YES;
				CLANG_ENABLE_OBJC_ARC = YES;
				CLANG_WARN_BOOL_CONVERSION = YES;
				CLANG_WARN_CONSTANT_CONVERSION = YES;
				CLANG_WARN_DIRECT_OBJC_ISA_USAGE = YES_ERROR;
				CLANG_WARN_DOCUMENTATION_COMMENTS = YES;
				CLANG_WARN_EMPTY_BODY = YES;
				CLANG_WARN_ENUM_CONVERSION = YES;
				CLANG_WARN_INFINITE_RECURSION = YES;
				CLANG_WARN_INT_CONVERSION = YES;
				CLANG_WARN_OBJC_ROOT_CLASS = YES_ERROR;
				CLANG_WARN_SUSPICIOUS_MOVE = YES;
				CLANG_WARN_UNREACHABLE_CODE = YES;
				CLANG_WARN__DUPLICATE_METHOD_MATCH = YES;
				"CODE_SIGN_IDENTITY[sdk=iphoneos*]" = "iPhone Developer";
				COPY_PHASE_STRIP = NO;
				DEBUG_INFORMATION_FORMAT = dwarf;
				ENABLE_STRICT_OBJC_MSGSEND = YES;
				ENABLE_TESTABILITY = YES;
				GCC_C_LANGUAGE_STANDARD = gnu99;
				GCC_DYNAMIC_NO_PIC = NO;
				GCC_NO_COMMON_BLOCKS = YES;
				GCC_OPTIMIZATION_LEVEL = 0;
				GCC_PREPROCESSOR_DEFINITIONS = (
					"DEBUG=1",
					"$(inherited)",
				);
				GCC_WARN_64_TO_32_BIT_CONVERSION = YES;
				GCC_WARN_ABOUT_RETURN_TYPE = YES_ERROR;
				GCC_WARN_UNDECLARED_SELECTOR = YES;
				GCC_WARN_UNINITIALIZED_AUTOS = YES_AGGRESSIVE;
				GCC_WARN_UNUSED_FUNCTION = YES;
				GCC_WARN_UNUSED_VARIABLE = YES;
				IPHONEOS_DEPLOYMENT_TARGET = 10.3;
				MTL_ENABLE_DEBUG_INFO = YES;
				ONLY_ACTIVE_ARCH = YES;
				SDKROOT = iphoneos;
				SWIFT_ACTIVE_COMPILATION_CONDITIONS = DEBUG;
				SWIFT_OPTIMIZATION_LEVEL = "-Onone";
				TARGETED_DEVICE_FAMILY = "1,2";
			};
			name = Debug;
		};
		1535EC0F1F0BE333000A082A /* Release */ = {
			isa = XCBuildConfiguration;
			buildSettings = {
				ALWAYS_SEARCH_USER_PATHS = NO;
				CLANG_ANALYZER_NONNULL = YES;
				CLANG_ANALYZER_NUMBER_OBJECT_CONVERSION = YES_AGGRESSIVE;
				CLANG_CXX_LANGUAGE_STANDARD = "gnu++0x";
				CLANG_CXX_LIBRARY = "libc++";
				CLANG_ENABLE_MODULES = YES;
				CLANG_ENABLE_OBJC_ARC = YES;
				CLANG_WARN_BOOL_CONVERSION = YES;
				CLANG_WARN_CONSTANT_CONVERSION = YES;
				CLANG_WARN_DIRECT_OBJC_ISA_USAGE = YES_ERROR;
				CLANG_WARN_DOCUMENTATION_COMMENTS = YES;
				CLANG_WARN_EMPTY_BODY = YES;
				CLANG_WARN_ENUM_CONVERSION = YES;
				CLANG_WARN_INFINITE_RECURSION = YES;
				CLANG_WARN_INT_CONVERSION = YES;
				CLANG_WARN_OBJC_ROOT_CLASS = YES_ERROR;
				CLANG_WARN_SUSPICIOUS_MOVE = YES;
				CLANG_WARN_UNREACHABLE_CODE = YES;
				CLANG_WARN__DUPLICATE_METHOD_MATCH = YES;
				"CODE_SIGN_IDENTITY[sdk=iphoneos*]" = "iPhone Developer";
				COPY_PHASE_STRIP = NO;
				DEBUG_INFORMATION_FORMAT = "dwarf-with-dsym";
				ENABLE_NS_ASSERTIONS = NO;
				ENABLE_STRICT_OBJC_MSGSEND = YES;
				GCC_C_LANGUAGE_STANDARD = gnu99;
				GCC_NO_COMMON_BLOCKS = YES;
				GCC_WARN_64_TO_32_BIT_CONVERSION = YES;
				GCC_WARN_ABOUT_RETURN_TYPE = YES_ERROR;
				GCC_WARN_UNDECLARED_SELECTOR = YES;
				GCC_WARN_UNINITIALIZED_AUTOS = YES_AGGRESSIVE;
				GCC_WARN_UNUSED_FUNCTION = YES;
				GCC_WARN_UNUSED_VARIABLE = YES;
				IPHONEOS_DEPLOYMENT_TARGET = 10.3;
				MTL_ENABLE_DEBUG_INFO = NO;
				SDKROOT = iphoneos;
				SWIFT_OPTIMIZATION_LEVEL = "-Owholemodule";
				TARGETED_DEVICE_FAMILY = "1,2";
				VALIDATE_PRODUCT = YES;
			};
			name = Release;
		};
		1535EC111F0BE333000A082A /* Debug */ = {
			isa = XCBuildConfiguration;
			buildSettings = {
				ASSETCATALOG_COMPILER_APPICON_NAME = AppIcon;
				DEVELOPMENT_TEAM = 94NP446562;
				INFOPLIST_FILE = Dictant/Info.plist;
				LD_RUNPATH_SEARCH_PATHS = "$(inherited) @executable_path/Frameworks";
				PRODUCT_BUNDLE_IDENTIFIER = com.7yaPeppe.Dictant;
				PRODUCT_NAME = "$(TARGET_NAME)";
				SWIFT_VERSION = 3.0;
			};
			name = Debug;
		};
		1535EC121F0BE333000A082A /* Release */ = {
			isa = XCBuildConfiguration;
			buildSettings = {
				ASSETCATALOG_COMPILER_APPICON_NAME = AppIcon;
				DEVELOPMENT_TEAM = 94NP446562;
				INFOPLIST_FILE = Dictant/Info.plist;
				LD_RUNPATH_SEARCH_PATHS = "$(inherited) @executable_path/Frameworks";
				PRODUCT_BUNDLE_IDENTIFIER = com.7yaPeppe.Dictant;
				PRODUCT_NAME = "$(TARGET_NAME)";
				SWIFT_VERSION = 3.0;
			};
			name = Release;
		};
/* End XCBuildConfiguration section */

/* Begin XCConfigurationList section */
		1535EBF91F0BE333000A082A /* Build configuration list for PBXProject "Dictant" */ = {
			isa = XCConfigurationList;
			buildConfigurations = (
				1535EC0E1F0BE333000A082A /* Debug */,
				1535EC0F1F0BE333000A082A /* Release */,
			);
			defaultConfigurationIsVisible = 0;
			defaultConfigurationName = Release;
		};
		1535EC101F0BE333000A082A /* Build configuration list for PBXNativeTarget "Dictant" */ = {
			isa = XCConfigurationList;
			buildConfigurations = (
				1535EC111F0BE333000A082A /* Debug */,
				1535EC121F0BE333000A082A /* Release */,
			);
			defaultConfigurationIsVisible = 0;
		};
/* End XCConfigurationList section */
	};
	rootObject = 1535EBF61F0BE333000A082A /* Project object */;
}
